Microsoft Visual Studio Solution File, Format Version 12.00
# Visual Studio Version 17
VisualStudioVersion = 17.0.31903.59
MinimumVisualStudioVersion = 10.0.40219.1
Project("{FAE04EC0-301F-11D3-BF4B-00C04F79EFBC}") = "GameClub.Client", "src\GameClub.Client\GameClub.Client.csproj", "{AC8DAB6C-9F1A-4D71-9DF2-52CB9E0A5CB8}"
EndProject
Project("{FAE04EC0-301F-11D3-BF4B-00C04F79EFBC}") = "GameClub.Client.Tests", "tests\GameClub.Client.Tests.csproj", "{AFD7F0A3-3279-4A7B-ACD6-7A7C4CEEDCA8}"
EndProject
Global
	GlobalSection(SolutionConfigurationPlatforms) = preSolution
		Debug|x64 = Debug|x64
		Release|x64 = Release|x64
	EndGlobalSection
	GlobalSection(ProjectConfigurationPlatforms) = postSolution
		{AC8DAB6C-9F1A-4D71-9DF2-52CB9E0A5CB8}.Debug|x64.ActiveCfg = Debug|x64
		{AC8DAB6C-9F1A-4D71-9DF2-52CB9E0A5CB8}.Debug|x64.Build.0 = Debug|x64
		{AC8DAB6C-9F1A-4D71-9DF2-52CB9E0A5CB8}.Release|x64.ActiveCfg = Release|x64
		{AC8DAB6C-9F1A-4D71-9DF2-52CB9E0A5CB8}.Release|x64.Build.0 = Release|x64
		{AFD7F0A3-3279-4A7B-ACD6-7A7C4CEEDCA8}.Debug|x64.ActiveCfg = Debug|x64
		{AFD7F0A3-3279-4A7B-ACD6-7A7C4CEEDCA8}.Debug|x64.Build.0 = Debug|x64
		{AFD7F0A3-3279-4A7B-ACD6-7A7C4CEEDCA8}.Release|x64.ActiveCfg = Release|x64
		{AFD7F0A3-3279-4A7B-ACD6-7A7C4CEEDCA8}.Release|x64.Build.0 = Release|x64
	EndGlobalSection
	GlobalSection(SolutionProperties) = preSolution
		HideSolutionNode = FALSE
	EndGlobalSection
EndGlobal
